
Microsoft Visual Studio Solution File, Format Version 12.00
# Visual Studio Version 17
VisualStudioVersion = 17.11.35303.130
MinimumVisualStudioVersion = 10.0.40219.1
Project("{2150E333-8FDC-42A3-9474-1A3956D46DE8}") = "Task0", "Task0", "{540B1F09-CC38-4349-AA3F-28E50585638B}"
EndProject
Project("{2150E333-8FDC-42A3-9474-1A3956D46DE8}") = "Task1", "Task1", "{F86742D6-4F5C-403F-A843-0EAB57ACB42B}"
EndProject
Project("{2150E333-8FDC-42A3-9474-1A3956D46DE8}") = "Task2", "Task2", "{2BB5FE00-0D7C-463C-8CD7-D64215EF6249}"
EndProject
Project("{2150E333-8FDC-42A3-9474-1A3956D46DE8}") = "Task3", "Task3", "{7F4EEBE1-BC91-4C76-909A-13A15B1195E8}"
EndProject
Project("{2150E333-8FDC-42A3-9474-1A3956D46DE8}") = "Task4", "Task4", "{DED52D19-8EBD-4F70-A5EA-B990E9550232}"
EndProject
Project("{2150E333-8FDC-42A3-9474-1A3956D46DE8}") = "Task5", "Task5", "{D33B9518-01BF-4E4C-AB89-D5771E9282D0}"
EndProject
Project("{2150E333-8FDC-42A3-9474-1A3956D46DE8}") = "Task6", "Task6", "{6E64F92E-3EE5-4C17-94D9-0DBAC0013A23}"
EndProject
Project("{2150E333-8FDC-42A3-9474-1A3956D46DE8}") = "Task7", "Task7", "{9A06046C-1F4D-44FC-ACE3-28FA06DC5D67}"
EndProject
Project("{9A19103F-16F7-4668-BE54-9A1E7A4F7556}") = "Tyuiu.SilinEV.Sprint6.Task0.V20", "Tyuiu.SilinEV.Sprint6.Task0.V20\Tyuiu.SilinEV.Sprint6.Task0.V20.csproj", "{13C39443-2E6D-4FF7-96D8-51DCA1CBCD43}"
EndProject
Project("{9A19103F-16F7-4668-BE54-9A1E7A4F7556}") = "Tyuiu.SilinEV.Sprint6.Task0.V20.Lib", "Tyuiu.SilinEV.Sprint6.Task0.V20.Lib\Tyuiu.SilinEV.Sprint6.Task0.V20.Lib.csproj", "{C0BABB85-0895-4DAF-96A2-9FB00E6C48A4}"
EndProject
Project("{9A19103F-16F7-4668-BE54-9A1E7A4F7556}") = "Tyuiu.SilinEV.Sprint6.Task0.V20.Test", "Tyuiu.SilinEV.Sprint6.Task0.V20.Test\Tyuiu.SilinEV.Sprint6.Task0.V20.Test.csproj", "{3270626A-76D7-47D0-A912-BA73765195F7}"
EndProject
Global
	GlobalSection(SolutionConfigurationPlatforms) = preSolution
		Debug|Any CPU = Debug|Any CPU
		Release|Any CPU = Release|Any CPU
	EndGlobalSection
	GlobalSection(ProjectConfigurationPlatforms) = postSolution
		{13C39443-2E6D-4FF7-96D8-51DCA1CBCD43}.Debug|Any CPU.ActiveCfg = Debug|Any CPU
		{13C39443-2E6D-4FF7-96D8-51DCA1CBCD43}.Debug|Any CPU.Build.0 = Debug|Any CPU
		{13C39443-2E6D-4FF7-96D8-51DCA1CBCD43}.Release|Any CPU.ActiveCfg = Release|Any CPU
		{13C39443-2E6D-4FF7-96D8-51DCA1CBCD43}.Release|Any CPU.Build.0 = Release|Any CPU
		{C0BABB85-0895-4DAF-96A2-9FB00E6C48A4}.Debug|Any CPU.ActiveCfg = Debug|Any CPU
		{C0BABB85-0895-4DAF-96A2-9FB00E6C48A4}.Debug|Any CPU.Build.0 = Debug|Any CPU
		{C0BABB85-0895-4DAF-96A2-9FB00E6C48A4}.Release|Any CPU.ActiveCfg = Release|Any CPU
		{C0BABB85-0895-4DAF-96A2-9FB00E6C48A4}.Release|Any CPU.Build.0 = Release|Any CPU
		{3270626A-76D7-47D0-A912-BA73765195F7}.Debug|Any CPU.ActiveCfg = Debug|Any CPU
		{3270626A-76D7-47D0-A912-BA73765195F7}.Debug|Any CPU.Build.0 = Debug|Any CPU
		{3270626A-76D7-47D0-A912-BA73765195F7}.Release|Any CPU.ActiveCfg = Release|Any CPU
		{3270626A-76D7-47D0-A912-BA73765195F7}.Release|Any CPU.Build.0 = Release|Any CPU
	EndGlobalSection
	GlobalSection(SolutionProperties) = preSolution
		HideSolutionNode = FALSE
	EndGlobalSection
	GlobalSection(NestedProjects) = preSolution
		{13C39443-2E6D-4FF7-96D8-51DCA1CBCD43} = {540B1F09-CC38-4349-AA3F-28E50585638B}
		{C0BABB85-0895-4DAF-96A2-9FB00E6C48A4} = {540B1F09-CC38-4349-AA3F-28E50585638B}
		{3270626A-76D7-47D0-A912-BA73765195F7} = {540B1F09-CC38-4349-AA3F-28E50585638B}
	EndGlobalSection
	GlobalSection(ExtensibilityGlobals) = postSolution
		SolutionGuid = {42A9E984-11CF-4E82-ADF9-914997878744}
	EndGlobalSection
EndGlobal
