
Microsoft Visual Studio Solution File, Format Version 12.00
# Visual Studio Version 17
VisualStudioVersion = 17.11.35303.130
MinimumVisualStudioVersion = 10.0.40219.1
Project("{2150E333-8FDC-42A3-9474-1A3956D46DE8}") = "Task0", "Task0", "{540B1F09-CC38-4349-AA3F-28E50585638B}"
EndProject
Project("{2150E333-8FDC-42A3-9474-1A3956D46DE8}") = "Task1", "Task1", "{F86742D6-4F5C-403F-A843-0EAB57ACB42B}"
EndProject
Project("{2150E333-8FDC-42A3-9474-1A3956D46DE8}") = "Task2", "Task2", "{2BB5FE00-0D7C-463C-8CD7-D64215EF6249}"
	ProjectSection(SolutionItems) = preProject
		..\..\..\Downloads\формула2.png = ..\..\..\Downloads\формула2.png
	EndProjectSection
EndProject
Project("{2150E333-8FDC-42A3-9474-1A3956D46DE8}") = "Task3", "Task3", "{7F4EEBE1-BC91-4C76-909A-13A15B1195E8}"
	ProjectSection(SolutionItems) = preProject
		..\..\..\Downloads\масив.png = ..\..\..\Downloads\масив.png
	EndProjectSection
EndProject
Project("{2150E333-8FDC-42A3-9474-1A3956D46DE8}") = "Task4", "Task4", "{DED52D19-8EBD-4F70-A5EA-B990E9550232}"
	ProjectSection(SolutionItems) = preProject
		..\..\..\Downloads\формула4.png = ..\..\..\Downloads\формула4.png
	EndProjectSection
EndProject
Project("{2150E333-8FDC-42A3-9474-1A3956D46DE8}") = "Task5", "Task5", "{D33B9518-01BF-4E4C-AB89-D5771E9282D0}"
EndProject
Project("{2150E333-8FDC-42A3-9474-1A3956D46DE8}") = "Task6", "Task6", "{6E64F92E-3EE5-4C17-94D9-0DBAC0013A23}"
EndProject
Project("{2150E333-8FDC-42A3-9474-1A3956D46DE8}") = "Task7", "Task7", "{9A06046C-1F4D-44FC-ACE3-28FA06DC5D67}"
EndProject
Project("{9A19103F-16F7-4668-BE54-9A1E7A4F7556}") = "Tyuiu.SilinEV.Sprint6.Task0.V20", "Tyuiu.SilinEV.Sprint6.Task0.V20\Tyuiu.SilinEV.Sprint6.Task0.V20.csproj", "{13C39443-2E6D-4FF7-96D8-51DCA1CBCD43}"
EndProject
Project("{9A19103F-16F7-4668-BE54-9A1E7A4F7556}") = "Tyuiu.SilinEV.Sprint6.Task0.V20.Lib", "Tyuiu.SilinEV.Sprint6.Task0.V20.Lib\Tyuiu.SilinEV.Sprint6.Task0.V20.Lib.csproj", "{C0BABB85-0895-4DAF-96A2-9FB00E6C48A4}"
EndProject
Project("{9A19103F-16F7-4668-BE54-9A1E7A4F7556}") = "Tyuiu.SilinEV.Sprint6.Task0.V20.Test", "Tyuiu.SilinEV.Sprint6.Task0.V20.Test\Tyuiu.SilinEV.Sprint6.Task0.V20.Test.csproj", "{3270626A-76D7-47D0-A912-BA73765195F7}"
EndProject
Project("{9A19103F-16F7-4668-BE54-9A1E7A4F7556}") = "Tyuiu.SilinEV.Sprint6.Task1.V28", "Tyuiu.SilinEV.Sprint6.Task1.V28\Tyuiu.SilinEV.Sprint6.Task1.V28.csproj", "{A6477176-4956-4A4C-AD6B-AA99CAF701BC}"
EndProject
Project("{9A19103F-16F7-4668-BE54-9A1E7A4F7556}") = "Tyuiu.SilinEV.Sprint6.Task1.V28.Lib", "Tyuiu.SilinEV.Sprint6.Task1.V28.Lib\Tyuiu.SilinEV.Sprint6.Task1.V28.Lib.csproj", "{12E437AD-F75F-437B-A8FD-91132C3CB2F9}"
EndProject
Project("{9A19103F-16F7-4668-BE54-9A1E7A4F7556}") = "Tyuiu.SilinEV.Sprint6.Task1.V28.Test", "Tyuiu.SilinEV.Sprint6.Task1.V28.Test\Tyuiu.SilinEV.Sprint6.Task1.V28.Test.csproj", "{11712FBF-3775-4BA5-B1FE-2A034D9A93B1}"
EndProject
Project("{9A19103F-16F7-4668-BE54-9A1E7A4F7556}") = "Tyuiu.SilinEV.Sprint6.Task2.V30", "Tyuiu.SilinEV.Sprint6.Task2.V30\Tyuiu.SilinEV.Sprint6.Task2.V30.csproj", "{50C6D9AD-062D-44C5-82F9-B02B6757EA67}"
EndProject
Project("{9A19103F-16F7-4668-BE54-9A1E7A4F7556}") = "Tyuiu.SilinEV.Sprint6.Task2.V30.Lib", "Tyuiu.SilinEV.Sprint6.Task2.V30.Lib\Tyuiu.SilinEV.Sprint6.Task2.V30.Lib.csproj", "{511DB78A-672F-4C1D-AD02-E04AF41F57BE}"
EndProject
Project("{9A19103F-16F7-4668-BE54-9A1E7A4F7556}") = "Tyuiu.SilinEV.Sprint6.Task2.V30.Test", "Tyuiu.SilinEV.Sprint6.Task2.V30.Test\Tyuiu.SilinEV.Sprint6.Task2.V30.Test.csproj", "{EFAE0AE6-C712-4FAE-B6CA-7A0C687EF39E}"
EndProject
Project("{9A19103F-16F7-4668-BE54-9A1E7A4F7556}") = "Tyuiu.SilinEV.Sprint6.Task3.V19", "Tyuiu.SilinEV.Sprint6.Task3.V19\Tyuiu.SilinEV.Sprint6.Task3.V19.csproj", "{2A8BE399-F579-46AF-9F63-CDB990B3D0ED}"
EndProject
Project("{9A19103F-16F7-4668-BE54-9A1E7A4F7556}") = "Tyuiu.SilinEV.Sprint6.Task3.V19.Lib", "Tyuiu.SilinEV.Sprint6.Task3.V19.Lib\Tyuiu.SilinEV.Sprint6.Task3.V19.Lib.csproj", "{8DBDB863-F0D4-4814-8C97-6D523FBE001C}"
EndProject
Project("{9A19103F-16F7-4668-BE54-9A1E7A4F7556}") = "Tyuiu.SilinEV.Sprint6.Task3.V19.Test", "Tyuiu.SilinEV.Sprint6.Task3.V19.Test\Tyuiu.SilinEV.Sprint6.Task3.V19.Test.csproj", "{58746AFD-D417-4941-B326-E79FD739463E}"
EndProject
Project("{9A19103F-16F7-4668-BE54-9A1E7A4F7556}") = "Tyuiu.SilinEV.Sprint6.Task4.V30", "Tyuiu.SilinEV.Sprint6.Task4.V30\Tyuiu.SilinEV.Sprint6.Task4.V30.csproj", "{681E2F7D-4F04-412D-98D6-DCBC790578D8}"
EndProject
Project("{9A19103F-16F7-4668-BE54-9A1E7A4F7556}") = "Tyuiu.SilinEV.Sprint6.Task4.V30.Lib", "Tyuiu.SilinEV.Sprint6.Task4.V30.Lib\Tyuiu.SilinEV.Sprint6.Task4.V30.Lib.csproj", "{F23B13C2-18FA-4C1F-B374-53354BD0A7BE}"
EndProject
Project("{9A19103F-16F7-4668-BE54-9A1E7A4F7556}") = "Tyuiu.SilinEV.Sprint6.Task4.V30.Test", "Tyuiu.SilinEV.Sprint6.Task4.V30.Test\Tyuiu.SilinEV.Sprint6.Task4.V30.Test.csproj", "{FD388FC3-BF1C-4BFD-96E1-4F68391C2B4B}"
EndProject
Project("{9A19103F-16F7-4668-BE54-9A1E7A4F7556}") = "Tyuiu.SilinEV.Sprint6.Task5.V13", "Tyuiu.SilinEV.Sprint6.Task5.V13\Tyuiu.SilinEV.Sprint6.Task5.V13.csproj", "{912CCD44-43DE-492E-B06D-AB16A47198FA}"
EndProject
Project("{FAE04EC0-301F-11D3-BF4B-00C04F79EFBC}") = "Tyuiu.SilinEV.Sprint6.Task5.V13.Lib", "Tyuiu.SilinEV.Sprint6.Task5.V13.Lib\Tyuiu.SilinEV.Sprint6.Task5.V13.Lib.csproj", "{1BBEF45C-05B7-4383-9F82-80A94E237D1C}"
EndProject
Project("{FAE04EC0-301F-11D3-BF4B-00C04F79EFBC}") = "Tyuiu.SilinEV.Sprint6.Task5.V13.Test", "Tyuiu.SilinEV.Sprint6.Task5.V13.Test\Tyuiu.SilinEV.Sprint6.Task5.V13.Test.csproj", "{52B41FCC-6058-4BE9-A6AF-0B6CA46EBD30}"
EndProject
Global
	GlobalSection(SolutionConfigurationPlatforms) = preSolution
		Debug|Any CPU = Debug|Any CPU
		Release|Any CPU = Release|Any CPU
	EndGlobalSection
	GlobalSection(ProjectConfigurationPlatforms) = postSolution
		{13C39443-2E6D-4FF7-96D8-51DCA1CBCD43}.Debug|Any CPU.ActiveCfg = Debug|Any CPU
		{13C39443-2E6D-4FF7-96D8-51DCA1CBCD43}.Debug|Any CPU.Build.0 = Debug|Any CPU
		{13C39443-2E6D-4FF7-96D8-51DCA1CBCD43}.Release|Any CPU.ActiveCfg = Release|Any CPU
		{13C39443-2E6D-4FF7-96D8-51DCA1CBCD43}.Release|Any CPU.Build.0 = Release|Any CPU
		{C0BABB85-0895-4DAF-96A2-9FB00E6C48A4}.Debug|Any CPU.ActiveCfg = Debug|Any CPU
		{C0BABB85-0895-4DAF-96A2-9FB00E6C48A4}.Debug|Any CPU.Build.0 = Debug|Any CPU
		{C0BABB85-0895-4DAF-96A2-9FB00E6C48A4}.Release|Any CPU.ActiveCfg = Release|Any CPU
		{C0BABB85-0895-4DAF-96A2-9FB00E6C48A4}.Release|Any CPU.Build.0 = Release|Any CPU
		{3270626A-76D7-47D0-A912-BA73765195F7}.Debug|Any CPU.ActiveCfg = Debug|Any CPU
		{3270626A-76D7-47D0-A912-BA73765195F7}.Debug|Any CPU.Build.0 = Debug|Any CPU
		{3270626A-76D7-47D0-A912-BA73765195F7}.Release|Any CPU.ActiveCfg = Release|Any CPU
		{3270626A-76D7-47D0-A912-BA73765195F7}.Release|Any CPU.Build.0 = Release|Any CPU
		{A6477176-4956-4A4C-AD6B-AA99CAF701BC}.Debug|Any CPU.ActiveCfg = Debug|Any CPU
		{A6477176-4956-4A4C-AD6B-AA99CAF701BC}.Debug|Any CPU.Build.0 = Debug|Any CPU
		{A6477176-4956-4A4C-AD6B-AA99CAF701BC}.Release|Any CPU.ActiveCfg = Release|Any CPU
		{A6477176-4956-4A4C-AD6B-AA99CAF701BC}.Release|Any CPU.Build.0 = Release|Any CPU
		{12E437AD-F75F-437B-A8FD-91132C3CB2F9}.Debug|Any CPU.ActiveCfg = Debug|Any CPU
		{12E437AD-F75F-437B-A8FD-91132C3CB2F9}.Debug|Any CPU.Build.0 = Debug|Any CPU
		{12E437AD-F75F-437B-A8FD-91132C3CB2F9}.Release|Any CPU.ActiveCfg = Release|Any CPU
		{12E437AD-F75F-437B-A8FD-91132C3CB2F9}.Release|Any CPU.Build.0 = Release|Any CPU
		{11712FBF-3775-4BA5-B1FE-2A034D9A93B1}.Debug|Any CPU.ActiveCfg = Debug|Any CPU
		{11712FBF-3775-4BA5-B1FE-2A034D9A93B1}.Debug|Any CPU.Build.0 = Debug|Any CPU
		{11712FBF-3775-4BA5-B1FE-2A034D9A93B1}.Release|Any CPU.ActiveCfg = Release|Any CPU
		{11712FBF-3775-4BA5-B1FE-2A034D9A93B1}.Release|Any CPU.Build.0 = Release|Any CPU
		{50C6D9AD-062D-44C5-82F9-B02B6757EA67}.Debug|Any CPU.ActiveCfg = Debug|Any CPU
		{50C6D9AD-062D-44C5-82F9-B02B6757EA67}.Debug|Any CPU.Build.0 = Debug|Any CPU
		{50C6D9AD-062D-44C5-82F9-B02B6757EA67}.Release|Any CPU.ActiveCfg = Release|Any CPU
		{50C6D9AD-062D-44C5-82F9-B02B6757EA67}.Release|Any CPU.Build.0 = Release|Any CPU
		{511DB78A-672F-4C1D-AD02-E04AF41F57BE}.Debug|Any CPU.ActiveCfg = Debug|Any CPU
		{511DB78A-672F-4C1D-AD02-E04AF41F57BE}.Debug|Any CPU.Build.0 = Debug|Any CPU
		{511DB78A-672F-4C1D-AD02-E04AF41F57BE}.Release|Any CPU.ActiveCfg = Release|Any CPU
		{511DB78A-672F-4C1D-AD02-E04AF41F57BE}.Release|Any CPU.Build.0 = Release|Any CPU
		{EFAE0AE6-C712-4FAE-B6CA-7A0C687EF39E}.Debug|Any CPU.ActiveCfg = Debug|Any CPU
		{EFAE0AE6-C712-4FAE-B6CA-7A0C687EF39E}.Debug|Any CPU.Build.0 = Debug|Any CPU
		{EFAE0AE6-C712-4FAE-B6CA-7A0C687EF39E}.Release|Any CPU.ActiveCfg = Release|Any CPU
		{EFAE0AE6-C712-4FAE-B6CA-7A0C687EF39E}.Release|Any CPU.Build.0 = Release|Any CPU
		{2A8BE399-F579-46AF-9F63-CDB990B3D0ED}.Debug|Any CPU.ActiveCfg = Debug|Any CPU
		{2A8BE399-F579-46AF-9F63-CDB990B3D0ED}.Debug|Any CPU.Build.0 = Debug|Any CPU
		{2A8BE399-F579-46AF-9F63-CDB990B3D0ED}.Release|Any CPU.ActiveCfg = Release|Any CPU
		{2A8BE399-F579-46AF-9F63-CDB990B3D0ED}.Release|Any CPU.Build.0 = Release|Any CPU
		{8DBDB863-F0D4-4814-8C97-6D523FBE001C}.Debug|Any CPU.ActiveCfg = Debug|Any CPU
		{8DBDB863-F0D4-4814-8C97-6D523FBE001C}.Debug|Any CPU.Build.0 = Debug|Any CPU
		{8DBDB863-F0D4-4814-8C97-6D523FBE001C}.Release|Any CPU.ActiveCfg = Release|Any CPU
		{8DBDB863-F0D4-4814-8C97-6D523FBE001C}.Release|Any CPU.Build.0 = Release|Any CPU
		{58746AFD-D417-4941-B326-E79FD739463E}.Debug|Any CPU.ActiveCfg = Debug|Any CPU
		{58746AFD-D417-4941-B326-E79FD739463E}.Debug|Any CPU.Build.0 = Debug|Any CPU
		{58746AFD-D417-4941-B326-E79FD739463E}.Release|Any CPU.ActiveCfg = Release|Any CPU
		{58746AFD-D417-4941-B326-E79FD739463E}.Release|Any CPU.Build.0 = Release|Any CPU
		{681E2F7D-4F04-412D-98D6-DCBC790578D8}.Debug|Any CPU.ActiveCfg = Debug|Any CPU
		{681E2F7D-4F04-412D-98D6-DCBC790578D8}.Debug|Any CPU.Build.0 = Debug|Any CPU
		{681E2F7D-4F04-412D-98D6-DCBC790578D8}.Release|Any CPU.ActiveCfg = Release|Any CPU
		{681E2F7D-4F04-412D-98D6-DCBC790578D8}.Release|Any CPU.Build.0 = Release|Any CPU
		{F23B13C2-18FA-4C1F-B374-53354BD0A7BE}.Debug|Any CPU.ActiveCfg = Debug|Any CPU
		{F23B13C2-18FA-4C1F-B374-53354BD0A7BE}.Debug|Any CPU.Build.0 = Debug|Any CPU
		{F23B13C2-18FA-4C1F-B374-53354BD0A7BE}.Release|Any CPU.ActiveCfg = Release|Any CPU
		{F23B13C2-18FA-4C1F-B374-53354BD0A7BE}.Release|Any CPU.Build.0 = Release|Any CPU
		{FD388FC3-BF1C-4BFD-96E1-4F68391C2B4B}.Debug|Any CPU.ActiveCfg = Debug|Any CPU
		{FD388FC3-BF1C-4BFD-96E1-4F68391C2B4B}.Debug|Any CPU.Build.0 = Debug|Any CPU
		{FD388FC3-BF1C-4BFD-96E1-4F68391C2B4B}.Release|Any CPU.ActiveCfg = Release|Any CPU
		{FD388FC3-BF1C-4BFD-96E1-4F68391C2B4B}.Release|Any CPU.Build.0 = Release|Any CPU
		{912CCD44-43DE-492E-B06D-AB16A47198FA}.Debug|Any CPU.ActiveCfg = Debug|Any CPU
		{912CCD44-43DE-492E-B06D-AB16A47198FA}.Debug|Any CPU.Build.0 = Debug|Any CPU
		{912CCD44-43DE-492E-B06D-AB16A47198FA}.Release|Any CPU.ActiveCfg = Release|Any CPU
		{912CCD44-43DE-492E-B06D-AB16A47198FA}.Release|Any CPU.Build.0 = Release|Any CPU
		{1BBEF45C-05B7-4383-9F82-80A94E237D1C}.Debug|Any CPU.ActiveCfg = Debug|Any CPU
		{1BBEF45C-05B7-4383-9F82-80A94E237D1C}.Debug|Any CPU.Build.0 = Debug|Any CPU
		{1BBEF45C-05B7-4383-9F82-80A94E237D1C}.Release|Any CPU.ActiveCfg = Release|Any CPU
		{1BBEF45C-05B7-4383-9F82-80A94E237D1C}.Release|Any CPU.Build.0 = Release|Any CPU
		{52B41FCC-6058-4BE9-A6AF-0B6CA46EBD30}.Debug|Any CPU.ActiveCfg = Debug|Any CPU
		{52B41FCC-6058-4BE9-A6AF-0B6CA46EBD30}.Debug|Any CPU.Build.0 = Debug|Any CPU
		{52B41FCC-6058-4BE9-A6AF-0B6CA46EBD30}.Release|Any CPU.ActiveCfg = Release|Any CPU
		{52B41FCC-6058-4BE9-A6AF-0B6CA46EBD30}.Release|Any CPU.Build.0 = Release|Any CPU
	EndGlobalSection
	GlobalSection(SolutionProperties) = preSolution
		HideSolutionNode = FALSE
	EndGlobalSection
	GlobalSection(NestedProjects) = preSolution
		{13C39443-2E6D-4FF7-96D8-51DCA1CBCD43} = {540B1F09-CC38-4349-AA3F-28E50585638B}
		{C0BABB85-0895-4DAF-96A2-9FB00E6C48A4} = {540B1F09-CC38-4349-AA3F-28E50585638B}
		{3270626A-76D7-47D0-A912-BA73765195F7} = {540B1F09-CC38-4349-AA3F-28E50585638B}
		{A6477176-4956-4A4C-AD6B-AA99CAF701BC} = {F86742D6-4F5C-403F-A843-0EAB57ACB42B}
		{12E437AD-F75F-437B-A8FD-91132C3CB2F9} = {F86742D6-4F5C-403F-A843-0EAB57ACB42B}
		{11712FBF-3775-4BA5-B1FE-2A034D9A93B1} = {F86742D6-4F5C-403F-A843-0EAB57ACB42B}
		{50C6D9AD-062D-44C5-82F9-B02B6757EA67} = {2BB5FE00-0D7C-463C-8CD7-D64215EF6249}
		{511DB78A-672F-4C1D-AD02-E04AF41F57BE} = {2BB5FE00-0D7C-463C-8CD7-D64215EF6249}
		{EFAE0AE6-C712-4FAE-B6CA-7A0C687EF39E} = {2BB5FE00-0D7C-463C-8CD7-D64215EF6249}
		{2A8BE399-F579-46AF-9F63-CDB990B3D0ED} = {7F4EEBE1-BC91-4C76-909A-13A15B1195E8}
		{8DBDB863-F0D4-4814-8C97-6D523FBE001C} = {7F4EEBE1-BC91-4C76-909A-13A15B1195E8}
		{58746AFD-D417-4941-B326-E79FD739463E} = {7F4EEBE1-BC91-4C76-909A-13A15B1195E8}
		{681E2F7D-4F04-412D-98D6-DCBC790578D8} = {DED52D19-8EBD-4F70-A5EA-B990E9550232}
		{F23B13C2-18FA-4C1F-B374-53354BD0A7BE} = {DED52D19-8EBD-4F70-A5EA-B990E9550232}
		{FD388FC3-BF1C-4BFD-96E1-4F68391C2B4B} = {DED52D19-8EBD-4F70-A5EA-B990E9550232}
		{912CCD44-43DE-492E-B06D-AB16A47198FA} = {D33B9518-01BF-4E4C-AB89-D5771E9282D0}
		{1BBEF45C-05B7-4383-9F82-80A94E237D1C} = {D33B9518-01BF-4E4C-AB89-D5771E9282D0}
		{52B41FCC-6058-4BE9-A6AF-0B6CA46EBD30} = {D33B9518-01BF-4E4C-AB89-D5771E9282D0}
	EndGlobalSection
	GlobalSection(ExtensibilityGlobals) = postSolution
		SolutionGuid = {42A9E984-11CF-4E82-ADF9-914997878744}
	EndGlobalSection
EndGlobal
